{
    "_meta": {
        "hash": {
            "sha256": "7e2e39dcf7c0d1d35e37a10ac72e24bcfca0fc2a72741fa6094c946870b5ae73"
        },
        "pipfile-spec": 6,
        "requires": {},
        "sources": [
            {
                "name": "pypi",
                "url": "https://pypi.python.org/simple",
                "verify_ssl": true
            }
        ]
    },
    "default": {
        "pika": {
            "hashes": [
                "sha256:e5fbf3a0a3599f4e114f6e4a7af096f9413a8f24f975c2657ba2fac3c931434f",
                "sha256:fe89e95fb2d8d06fd713eeae2938299941e0ec329db37afca758f5f9458ce169"
            ],
            "index": "pypi",
            "version": "==1.2.1"
        }
    },
    "develop": {}
}
